
Microsoft Visual Studio Solution File, Format Version 12.00
# Visual Studio 2013
VisualStudioVersion = 12.0.21005.1
MinimumVisualStudioVersion = 10.0.40219.1
Project("{FAE04EC0-301F-11D3-BF4B-00C04F79EFBC}") = "StudentMis", "StudentMis\StudentMis.csproj", "{89CCEB52-6F6D-4CEB-8151-A4143C555E02}"
EndProject
Project("{FAE04EC0-301F-11D3-BF4B-00C04F79EFBC}") = "DBCL", "DBCL\DBCL.csproj", "{15B267CD-7AAA-4214-AE0B-E6F0AC21E17A}"
EndProject
Global
	GlobalSection(SolutionConfigurationPlatforms) = preSolution
		Debug|Any CPU = Debug|Any CPU
		Release|Any CPU = Release|Any CPU
	EndGlobalSection
	GlobalSection(ProjectConfigurationPlatforms) = postSolution
		{89CCEB52-6F6D-4CEB-8151-A4143C555E02}.Debug|Any CPU.ActiveCfg = Debug|Any CPU
		{89CCEB52-6F6D-4CEB-8151-A4143C555E02}.Debug|Any CPU.Build.0 = Debug|Any CPU
		{89CCEB52-6F6D-4CEB-8151-A4143C555E02}.Release|Any CPU.ActiveCfg = Release|Any CPU
		{89CCEB52-6F6D-4CEB-8151-A4143C555E02}.Release|Any CPU.Build.0 = Release|Any CPU
		{15B267CD-7AAA-4214-AE0B-E6F0AC21E17A}.Debug|Any CPU.ActiveCfg = Debug|Any CPU
		{15B267CD-7AAA-4214-AE0B-E6F0AC21E17A}.Debug|Any CPU.Build.0 = Debug|Any CPU
		{15B267CD-7AAA-4214-AE0B-E6F0AC21E17A}.Release|Any CPU.ActiveCfg = Release|Any CPU
		{15B267CD-7AAA-4214-AE0B-E6F0AC21E17A}.Release|Any CPU.Build.0 = Release|Any CPU
	EndGlobalSection
	GlobalSection(SolutionProperties) = preSolution
		HideSolutionNode = FALSE
	EndGlobalSection
EndGlobal
