
Microsoft Visual Studio Solution File, Format Version 12.00
# Visual Studio 2012
Project("{FAE04EC0-301F-11D3-BF4B-00C04F79EFBC}") = "test1.4", "test1.4\test1.4.csproj", "{24432921-2CDE-433D-8D48-A3EF8CDB1DBD}"
EndProject
Global
	GlobalSection(SolutionConfigurationPlatforms) = preSolution
		Debug|Any CPU = Debug|Any CPU
		Release|Any CPU = Release|Any CPU
	EndGlobalSection
	GlobalSection(ProjectConfigurationPlatforms) = postSolution
		{24432921-2CDE-433D-8D48-A3EF8CDB1DBD}.Debug|Any CPU.ActiveCfg = Debug|Any CPU
		{24432921-2CDE-433D-8D48-A3EF8CDB1DBD}.Debug|Any CPU.Build.0 = Debug|Any CPU
		{24432921-2CDE-433D-8D48-A3EF8CDB1DBD}.Release|Any CPU.ActiveCfg = Release|Any CPU
		{24432921-2CDE-433D-8D48-A3EF8CDB1DBD}.Release|Any CPU.Build.0 = Release|Any CPU
	EndGlobalSection
	GlobalSection(SolutionProperties) = preSolution
		HideSolutionNode = FALSE
	EndGlobalSection
EndGlobal
